// !$*UTF8*$!
{
	archiveVersion = 1;
	classes = {
	};
	objectVersion = 46;
	objects = {

/* Begin PBXBuildFile section */
		78BAFC0B1C2F4BAC00FEF250 /* main.m in Sources */ = {isa = PBXBuildFile; fileRef = 78BAFC0A1C2F4BAC00FEF250 /* main.m */; };
		78BAFC0E1C2F4BAC00FEF250 /* AppDelegate.m in Sources */ = {isa = PBXBuildFile; fileRef = 78BAFC0D1C2F4BAC00FEF250 /* AppDelegate.m */; };
		78BAFC141C2F4BAC00FEF250 /* Main.storyboard in Resources */ = {isa = PBXBuildFile; fileRef = 78BAFC121C2F4BAC00FEF250 /* Main.storyboard */; };
		78BAFC161C2F4BAC00FEF250 /* Assets.xcassets in Resources */ = {isa = PBXBuildFile; fileRef = 78BAFC151C2F4BAC00FEF250 /* Assets.xcassets */; };
		78BAFC191C2F4BAC00FEF250 /* LaunchScreen.storyboard in Resources */ = {isa = PBXBuildFile; fileRef = 78BAFC171C2F4BAC00FEF250 /* LaunchScreen.storyboard */; };
		78BAFC221C2F4BDC00FEF250 /* OptionTableViewController.m in Sources */ = {isa = PBXBuildFile; fileRef = 78BAFC211C2F4BDC00FEF250 /* OptionTableViewController.m */; };
		78BAFC251C2F4BEC00FEF250 /* OptionTableViewCell.m in Sources */ = {isa = PBXBuildFile; fileRef = 78BAFC241C2F4BEC00FEF250 /* OptionTableViewCell.m */; };
		78BAFC281C2F4D1700FEF250 /* Option.m in Sources */ = {isa = PBXBuildFile; fileRef = 78BAFC271C2F4D1700FEF250 /* Option.m */; };
		78BAFC2A1C2F4F7400FEF250 /* option.png in Resources */ = {isa = PBXBuildFile; fileRef = 78BAFC291C2F4F7400FEF250 /* option.png */; };
/* End PBXBuildFile section */

/* Begin PBXFileReference section */
		78BAFC061C2F4BAC00FEF250 /* Bordes redondos Table View Cell.app */ = {isa = PBXFileReference; explicitFileType = wrapper.application; includeInIndex = 0; path = "Bordes redondos Table View Cell.app"; sourceTree = BUILT_PRODUCTS_DIR; };
		78BAFC0A1C2F4BAC00FEF250 /* main.m */ = {isa = PBXFileReference; lastKnownFileType = sourcecode.c.objc; path = main.m; sourceTree = "<group>"; };
		78BAFC0C1C2F4BAC00FEF250 /* AppDelegate.h */ = {isa = PBXFileReference; lastKnownFileType = sourcecode.c.h; path = AppDelegate.h; sourceTree = "<group>"; };
		78BAFC0D1C2F4BAC00FEF250 /* AppDelegate.m */ = {isa = PBXFileReference; lastKnownFileType = sourcecode.c.objc; path = AppDelegate.m; sourceTree = "<group>"; };
		78BAFC131C2F4BAC00FEF250 /* Base */ = {isa = PBXFileReference; lastKnownFileType = file.storyboard; name = Base; path = Base.lproj/Main.storyboard; sourceTree = "<group>"; };
		78BAFC151C2F4BAC00FEF250 /* Assets.xcassets */ = {isa = PBXFileReference; lastKnownFileType = folder.assetcatalog; path = Assets.xcassets; sourceTree = "<group>"; };
		78BAFC181C2F4BAC00FEF250 /* Base */ = {isa = PBXFileReference; lastKnownFileType = file.storyboard; name = Base; path = Base.lproj/LaunchScreen.storyboard; sourceTree = "<group>"; };
		78BAFC1A1C2F4BAC00FEF250 /* Info.plist */ = {isa = PBXFileReference; lastKnownFileType = text.plist.xml; path = Info.plist; sourceTree = "<group>"; };
		78BAFC201C2F4BDC00FEF250 /* OptionTableViewController.h */ = {isa = PBXFileReference; fileEncoding = 4; lastKnownFileType = sourcecode.c.h; path = OptionTableViewController.h; sourceTree = "<group>"; };
		78BAFC211C2F4BDC00FEF250 /* OptionTableViewController.m */ = {isa = PBXFileReference; fileEncoding = 4; lastKnownFileType = sourcecode.c.objc; path = OptionTableViewController.m; sourceTree = "<group>"; };
		78BAFC231C2F4BEC00FEF250 /* OptionTableViewCell.h */ = {isa = PBXFileReference; fileEncoding = 4; lastKnownFileType = sourcecode.c.h; path = OptionTableViewCell.h; sourceTree = "<group>"; };
		78BAFC241C2F4BEC00FEF250 /* OptionTableViewCell.m */ = {isa = PBXFileReference; fileEncoding = 4; lastKnownFileType = sourcecode.c.objc; path = OptionTableViewCell.m; sourceTree = "<group>"; };
		78BAFC261C2F4D1700FEF250 /* Option.h */ = {isa = PBXFileReference; fileEncoding = 4; lastKnownFileType = sourcecode.c.h; path = Option.h; sourceTree = "<group>"; };
		78BAFC271C2F4D1700FEF250 /* Option.m */ = {isa = PBXFileReference; fileEncoding = 4; lastKnownFileType = sourcecode.c.objc; path = Option.m; sourceTree = "<group>"; };
		78BAFC291C2F4F7400FEF250 /* option.png */ = {isa = PBXFileReference; lastKnownFileType = image.png; path = option.png; sourceTree = "<group>"; };
/* End PBXFileReference section */

/* Begin PBXFrameworksBuildPhase section */
		78BAFC031C2F4BAC00FEF250 /* Frameworks */ = {
			isa = PBXFrameworksBuildPhase;
			buildActionMask = 2147483647;
			files = (
			);
			runOnlyForDeploymentPostprocessing = 0;
		};
/* End PBXFrameworksBuildPhase section */

/* Begin PBXGroup section */
		78BAFBFD1C2F4BAC00FEF250 = {
			isa = PBXGroup;
			children = (
				78BAFC081C2F4BAC00FEF250 /* Bordes redondos Table View Cell */,
				78BAFC071C2F4BAC00FEF250 /* Products */,
			);
			sourceTree = "<group>";
		};
		78BAFC071C2F4BAC00FEF250 /* Products */ = {
			isa = PBXGroup;
			children = (
				78BAFC061C2F4BAC00FEF250 /* Bordes redondos Table View Cell.app */,
			);
			name = Products;
			sourceTree = "<group>";
		};
		78BAFC081C2F4BAC00FEF250 /* Bordes redondos Table View Cell */ = {
			isa = PBXGroup;
			children = (
				78BAFC291C2F4F7400FEF250 /* option.png */,
				78BAFC0C1C2F4BAC00FEF250 /* AppDelegate.h */,
				78BAFC0D1C2F4BAC00FEF250 /* AppDelegate.m */,
				78BAFC121C2F4BAC00FEF250 /* Main.storyboard */,
				78BAFC151C2F4BAC00FEF250 /* Assets.xcassets */,
				78BAFC171C2F4BAC00FEF250 /* LaunchScreen.storyboard */,
				78BAFC1A1C2F4BAC00FEF250 /* Info.plist */,
				78BAFC091C2F4BAC00FEF250 /* Supporting Files */,
				78BAFC201C2F4BDC00FEF250 /* OptionTableViewController.h */,
				78BAFC211C2F4BDC00FEF250 /* OptionTableViewController.m */,
				78BAFC231C2F4BEC00FEF250 /* OptionTableViewCell.h */,
				78BAFC241C2F4BEC00FEF250 /* OptionTableViewCell.m */,
				78BAFC261C2F4D1700FEF250 /* Option.h */,
				78BAFC271C2F4D1700FEF250 /* Option.m */,
			);
			path = "Bordes redondos Table View Cell";
			sourceTree = "<group>";
		};
		78BAFC091C2F4BAC00FEF250 /* Supporting Files */ = {
			isa = PBXGroup;
			children = (
				78BAFC0A1C2F4BAC00FEF250 /* main.m */,
			);
			name = "Supporting Files";
			sourceTree = "<group>";
		};
/* End PBXGroup section */

/* Begin PBXNativeTarget section */
		78BAFC051C2F4BAC00FEF250 /* Bordes redondos Table View Cell */ = {
			isa = PBXNativeTarget;
			buildConfigurationList = 78BAFC1D1C2F4BAC00FEF250 /* Build configuration list for PBXNativeTarget "Bordes redondos Table View Cell" */;
			buildPhases = (
				78BAFC021C2F4BAC00FEF250 /* Sources */,
				78BAFC031C2F4BAC00FEF250 /* Frameworks */,
				78BAFC041C2F4BAC00FEF250 /* Resources */,
			);
			buildRules = (
			);
			dependencies = (
			);
			name = "Bordes redondos Table View Cell";
			productName = "Bordes redondos Table View Cell";
			productReference = 78BAFC061C2F4BAC00FEF250 /* Bordes redondos Table View Cell.app */;
			productType = "com.apple.product-type.application";
		};
/* End PBXNativeTarget section */

/* Begin PBXProject section */
		78BAFBFE1C2F4BAC00FEF250 /* Project object */ = {
			isa = PBXProject;
			attributes = {
				LastUpgradeCheck = 0720;
				ORGANIZATIONNAME = user;
				TargetAttributes = {
					78BAFC051C2F4BAC00FEF250 = {
						CreatedOnToolsVersion = 7.2;
					};
				};
			};
			buildConfigurationList = 78BAFC011C2F4BAC00FEF250 /* Build configuration list for PBXProject "Bordes redondos Table View Cell" */;
			compatibilityVersion = "Xcode 3.2";
			developmentRegion = English;
			hasScannedForEncodings = 0;
			knownRegions = (
				en,
				Base,
			);
			mainGroup = 78BAFBFD1C2F4BAC00FEF250;
			productRefGroup = 78BAFC071C2F4BAC00FEF250 /* Products */;
			projectDirPath = "";
			projectRoot = "";
			targets = (
				78BAFC051C2F4BAC00FEF250 /* Bordes redondos Table View Cell */,
			);
		};
/* End PBXProject section */

/* Begin PBXResourcesBuildPhase section */
		78BAFC041C2F4BAC00FEF250 /* Resources */ = {
			isa = PBXResourcesBuildPhase;
			buildActionMask = 2147483647;
			files = (
				78BAFC191C2F4BAC00FEF250 /* LaunchScreen.storyboard in Resources */,
				78BAFC161C2F4BAC00FEF250 /* Assets.xcassets in Resources */,
				78BAFC2A1C2F4F7400FEF250 /* option.png in Resources */,
				78BAFC141C2F4BAC00FEF250 /* Main.storyboard in Resources */,
			);
			runOnlyForDeploymentPostprocessing = 0;
		};
/* End PBXResourcesBuildPhase section */

/* Begin PBXSourcesBuildPhase section */
		78BAFC021C2F4BAC00FEF250 /* Sources */ = {
			isa = PBXSourcesBuildPhase;
			buildActionMask = 2147483647;
			files = (
				78BAFC251C2F4BEC00FEF250 /* OptionTableViewCell.m in Sources */,
				78BAFC0E1C2F4BAC00FEF250 /* AppDelegate.m in Sources */,
				78BAFC281C2F4D1700FEF250 /* Option.m in Sources */,
				78BAFC221C2F4BDC00FEF250 /* OptionTableViewController.m in Sources */,
				78BAFC0B1C2F4BAC00FEF250 /* main.m in Sources */,
			);
			runOnlyForDeploymentPostprocessing = 0;
		};
/* End PBXSourcesBuildPhase section */

/* Begin PBXVariantGroup section */
		78BAFC121C2F4BAC00FEF250 /* Main.storyboard */ = {
			isa = PBXVariantGroup;
			children = (
				78BAFC131C2F4BAC00FEF250 /* Base */,
			);
			name = Main.storyboard;
			sourceTree = "<group>";
		};
		78BAFC171C2F4BAC00FEF250 /* LaunchScreen.storyboard */ = {
			isa = PBXVariantGroup;
			children = (
				78BAFC181C2F4BAC00FEF250 /* Base */,
			);
			name = LaunchScreen.storyboard;
			sourceTree = "<group>";
		};
/* End PBXVariantGroup section */

/* Begin XCBuildConfiguration section */
		78BAFC1B1C2F4BAC00FEF250 /* Debug */ = {
			isa = XCBuildConfiguration;
			buildSettings = {
				ALWAYS_SEARCH_USER_PATHS = NO;
				CLANG_CXX_LANGUAGE_STANDARD = "gnu++0x";
				CLANG_CXX_LIBRARY = "libc++";
				CLANG_ENABLE_MODULES = YES;
				CLANG_ENABLE_OBJC_ARC = YES;
				CLANG_WARN_BOOL_CONVERSION = YES;
				CLANG_WARN_CONSTANT_CONVERSION = YES;
				CLANG_WARN_DIRECT_OBJC_ISA_USAGE = YES_ERROR;
				CLANG_WARN_EMPTY_BODY = YES;
				CLANG_WARN_ENUM_CONVERSION = YES;
				CLANG_WARN_INT_CONVERSION = YES;
				CLANG_WARN_OBJC_ROOT_CLASS = YES_ERROR;
				CLANG_WARN_UNREACHABLE_CODE = YES;
				CLANG_WARN__DUPLICATE_METHOD_MATCH = YES;
				"CODE_SIGN_IDENTITY[sdk=iphoneos*]" = "iPhone Developer";
				COPY_PHASE_STRIP = NO;
				DEBUG_INFORMATION_FORMAT = dwarf;
				ENABLE_STRICT_OBJC_MSGSEND = YES;
				ENABLE_TESTABILITY = YES;
				GCC_C_LANGUAGE_STANDARD = gnu99;
				GCC_DYNAMIC_NO_PIC = NO;
				GCC_NO_COMMON_BLOCKS = YES;
				GCC_OPTIMIZATION_LEVEL = 0;
				GCC_PREPROCESSOR_DEFINITIONS = (
					"DEBUG=1",
					"$(inherited)",
				);
				GCC_WARN_64_TO_32_BIT_CONVERSION = YES;
				GCC_WARN_ABOUT_RETURN_TYPE = YES_ERROR;
				GCC_WARN_UNDECLARED_SELECTOR = YES;
				GCC_WARN_UNINITIALIZED_AUTOS = YES_AGGRESSIVE;
				GCC_WARN_UNUSED_FUNCTION = YES;
				GCC_WARN_UNUSED_VARIABLE = YES;
				IPHONEOS_DEPLOYMENT_TARGET = 9.2;
				MTL_ENABLE_DEBUG_INFO = YES;
				ONLY_ACTIVE_ARCH = YES;
				SDKROOT = iphoneos;
			};
			name = Debug;
		};
		78BAFC1C1C2F4BAC00FEF250 /* Release */ = {
			isa = XCBuildConfiguration;
			buildSettings = {
				ALWAYS_SEARCH_USER_PATHS = NO;
				CLANG_CXX_LANGUAGE_STANDARD = "gnu++0x";
				CLANG_CXX_LIBRARY = "libc++";
				CLANG_ENABLE_MODULES = YES;
				CLANG_ENABLE_OBJC_ARC = YES;
				CLANG_WARN_BOOL_CONVERSION = YES;
				CLANG_WARN_CONSTANT_CONVERSION = YES;
				CLANG_WARN_DIRECT_OBJC_ISA_USAGE = YES_ERROR;
				CLANG_WARN_EMPTY_BODY = YES;
				CLANG_WARN_ENUM_CONVERSION = YES;
				CLANG_WARN_INT_CONVERSION = YES;
				CLANG_WARN_OBJC_ROOT_CLASS = YES_ERROR;
				CLANG_WARN_UNREACHABLE_CODE = YES;
				CLANG_WARN__DUPLICATE_METHOD_MATCH = YES;
				"CODE_SIGN_IDENTITY[sdk=iphoneos*]" = "iPhone Developer";
				COPY_PHASE_STRIP = NO;
				DEBUG_INFORMATION_FORMAT = "dwarf-with-dsym";
				ENABLE_NS_ASSERTIONS = NO;
				ENABLE_STRICT_OBJC_MSGSEND = YES;
				GCC_C_LANGUAGE_STANDARD = gnu99;
				GCC_NO_COMMON_BLOCKS = YES;
				GCC_WARN_64_TO_32_BIT_CONVERSION = YES;
				GCC_WARN_ABOUT_RETURN_TYPE = YES_ERROR;
				GCC_WARN_UNDECLARED_SELECTOR = YES;
				GCC_WARN_UNINITIALIZED_AUTOS = YES_AGGRESSIVE;
				GCC_WARN_UNUSED_FUNCTION = YES;
				GCC_WARN_UNUSED_VARIABLE = YES;
				IPHONEOS_DEPLOYMENT_TARGET = 9.2;
				MTL_ENABLE_DEBUG_INFO = NO;
				SDKROOT = iphoneos;
				VALIDATE_PRODUCT = YES;
			};
			name = Release;
		};
		78BAFC1E1C2F4BAC00FEF250 /* Debug */ = {
			isa = XCBuildConfiguration;
			buildSettings = {
				ASSETCATALOG_COMPILER_APPICON_NAME = AppIcon;
				INFOPLIST_FILE = "Bordes redondos Table View Cell/Info.plist";
				LD_RUNPATH_SEARCH_PATHS = "$(inherited) @executable_path/Frameworks";
				PRODUCT_BUNDLE_IDENTIFIER = "nansoft.Bordes-redondos-Table-View-Cell";
				PRODUCT_NAME = "$(TARGET_NAME)";
			};
			name = Debug;
		};
		78BAFC1F1C2F4BAC00FEF250 /* Release */ = {
			isa = XCBuildConfiguration;
			buildSettings = {
				ASSETCATALOG_COMPILER_APPICON_NAME = AppIcon;
				INFOPLIST_FILE = "Bordes redondos Table View Cell/Info.plist";
				LD_RUNPATH_SEARCH_PATHS = "$(inherited) @executable_path/Frameworks";
				PRODUCT_BUNDLE_IDENTIFIER = "nansoft.Bordes-redondos-Table-View-Cell";
				PRODUCT_NAME = "$(TARGET_NAME)";
			};
			name = Release;
		};
/* End XCBuildConfiguration section */

/* Begin XCConfigurationList section */
		78BAFC011C2F4BAC00FEF250 /* Build configuration list for PBXProject "Bordes redondos Table View Cell" */ = {
			isa = XCConfigurationList;
			buildConfigurations = (
				78BAFC1B1C2F4BAC00FEF250 /* Debug */,
				78BAFC1C1C2F4BAC00FEF250 /* Release */,
			);
			defaultConfigurationIsVisible = 0;
			defaultConfigurationName = Release;
		};
		78BAFC1D1C2F4BAC00FEF250 /* Build configuration list for PBXNativeTarget "Bordes redondos Table View Cell" */ = {
			isa = XCConfigurationList;
			buildConfigurations = (
				78BAFC1E1C2F4BAC00FEF250 /* Debug */,
				78BAFC1F1C2F4BAC00FEF250 /* Release */,
			);
			defaultConfigurationIsVisible = 0;
		};
/* End XCConfigurationList section */
	};
	rootObject = 78BAFBFE1C2F4BAC00FEF250 /* Project object */;
}
